// !$*UTF8*$!
{
	archiveVersion = 1;
	classes = {
	};
	objectVersion = 56;
	objects = {

/* Begin PBXBuildFile section */
		041999772922AD820033E69A /* NewWorkoutView.swift in Sources */ = {isa = PBXBuildFile; fileRef = 041999762922AD820033E69A /* NewWorkoutView.swift */; };
		041C85E128FD0B8D00CBFC70 /* ContentView.swift in Sources */ = {isa = PBXBuildFile; fileRef = 041C85E028FD0B8D00CBFC70 /* ContentView.swift */; };
		041C85E328FD0B9600CBFC70 /* Assets.xcassets in Resources */ = {isa = PBXBuildFile; fileRef = 041C85E228FD0B9600CBFC70 /* Assets.xcassets */; };
		041C85E628FD0B9600CBFC70 /* Preview Assets.xcassets in Resources */ = {isa = PBXBuildFile; fileRef = 041C85E528FD0B9600CBFC70 /* Preview Assets.xcassets */; };
		041C85ED28FD0BC400CBFC70 /* WorkoutView.swift in Sources */ = {isa = PBXBuildFile; fileRef = 041C85EC28FD0BC400CBFC70 /* WorkoutView.swift */; };
		04371FC82910457800DEC866 /* NewWorkout.swift in Sources */ = {isa = PBXBuildFile; fileRef = 04371FC72910457800DEC866 /* NewWorkout.swift */; };
		0463A3AF29101B970077A44A /* MainScreen.swift in Sources */ = {isa = PBXBuildFile; fileRef = 0463A3AE29101B970077A44A /* MainScreen.swift */; };
		0463A3B129102F250077A44A /* WorkoutApp.swift in Sources */ = {isa = PBXBuildFile; fileRef = 0463A3B029102F250077A44A /* WorkoutApp.swift */; };
		0463A3B32910301B0077A44A /* WorkoutList.swift in Sources */ = {isa = PBXBuildFile; fileRef = 0463A3B22910301B0077A44A /* WorkoutList.swift */; };
		047D9F3928FDCEF500A9FCDB /* LegWorkout.swift in Sources */ = {isa = PBXBuildFile; fileRef = 047D9F3828FDCEF500A9FCDB /* LegWorkout.swift */; };
		047D9F3B28FDD0C400A9FCDB /* CardioWorkout.swift in Sources */ = {isa = PBXBuildFile; fileRef = 047D9F3A28FDD0C400A9FCDB /* CardioWorkout.swift */; };
		047D9F3D28FDD12300A9FCDB /* AbWorkout.swift in Sources */ = {isa = PBXBuildFile; fileRef = 047D9F3C28FDD12300A9FCDB /* AbWorkout.swift */; };
		047D9F3F28FE144000A9FCDB /* Main.storyboard in Resources */ = {isa = PBXBuildFile; fileRef = 047D9F3E28FE144000A9FCDB /* Main.storyboard */; };
		047D9F4128FE165400A9FCDB /* MainViewController.swift in Sources */ = {isa = PBXBuildFile; fileRef = 047D9F4028FE165400A9FCDB /* MainViewController.swift */; };
		047D9F4328FE16B300A9FCDB /* ArmViewController.swift in Sources */ = {isa = PBXBuildFile; fileRef = 047D9F4228FE16B300A9FCDB /* ArmViewController.swift */; };
		0482B3FB2905F95C0004F2C9 /* LegViewController.swift in Sources */ = {isa = PBXBuildFile; fileRef = 0482B3FA2905F95C0004F2C9 /* LegViewController.swift */; };
		0482B3FD2905FA080004F2C9 /* CardioViewController.swift in Sources */ = {isa = PBXBuildFile; fileRef = 0482B3FC2905FA080004F2C9 /* CardioViewController.swift */; };
		0482B3FF29070FCD0004F2C9 /* WorkoutDescription.swift in Sources */ = {isa = PBXBuildFile; fileRef = 0482B3FE29070FCD0004F2C9 /* WorkoutDescription.swift */; };
		0482B401290711DA0004F2C9 /* ArmWorkoutListView.swift in Sources */ = {isa = PBXBuildFile; fileRef = 0482B400290711DA0004F2C9 /* ArmWorkoutListView.swift */; };
		04C97AF829082D0F0017970B /* LWorkoutDescription.swift in Sources */ = {isa = PBXBuildFile; fileRef = 04C97AF729082D0F0017970B /* LWorkoutDescription.swift */; };
		04C97AFA29082D500017970B /* LWorkoutListView.swift in Sources */ = {isa = PBXBuildFile; fileRef = 04C97AF929082D500017970B /* LWorkoutListView.swift */; };
		04C97AFC290833EF0017970B /* CWorkoutDescription.swift in Sources */ = {isa = PBXBuildFile; fileRef = 04C97AFB290833EF0017970B /* CWorkoutDescription.swift */; };
		04C97AFE290833FF0017970B /* CWorkoutListView.swift in Sources */ = {isa = PBXBuildFile; fileRef = 04C97AFD290833FF0017970B /* CWorkoutListView.swift */; };
		04C97B00290834200017970B /* AbWorkoutListView.swift in Sources */ = {isa = PBXBuildFile; fileRef = 04C97AFF290834200017970B /* AbWorkoutListView.swift */; };
		04C97B02290834440017970B /* AbWorkoutDescription.swift in Sources */ = {isa = PBXBuildFile; fileRef = 04C97B01290834440017970B /* AbWorkoutDescription.swift */; };
/* End PBXBuildFile section */

/* Begin PBXFileReference section */
		041999762922AD820033E69A /* NewWorkoutView.swift */ = {isa = PBXFileReference; lastKnownFileType = sourcecode.swift; path = NewWorkoutView.swift; sourceTree = "<group>"; };
		041C85DB28FD0B8D00CBFC70 /* Workout.app */ = {isa = PBXFileReference; explicitFileType = wrapper.application; includeInIndex = 0; path = Workout.app; sourceTree = BUILT_PRODUCTS_DIR; };
		041C85E028FD0B8D00CBFC70 /* ContentView.swift */ = {isa = PBXFileReference; lastKnownFileType = sourcecode.swift; path = ContentView.swift; sourceTree = "<group>"; };
		041C85E228FD0B9600CBFC70 /* Assets.xcassets */ = {isa = PBXFileReference; lastKnownFileType = folder.assetcatalog; path = Assets.xcassets; sourceTree = "<group>"; };
		041C85E528FD0B9600CBFC70 /* Preview Assets.xcassets */ = {isa = PBXFileReference; lastKnownFileType = folder.assetcatalog; path = "Preview Assets.xcassets"; sourceTree = "<group>"; };
		041C85EC28FD0BC400CBFC70 /* WorkoutView.swift */ = {isa = PBXFileReference; lastKnownFileType = sourcecode.swift; path = WorkoutView.swift; sourceTree = "<group>"; };
		04371FC72910457800DEC866 /* NewWorkout.swift */ = {isa = PBXFileReference; lastKnownFileType = sourcecode.swift; path = NewWorkout.swift; sourceTree = "<group>"; };
		0463A3AE29101B970077A44A /* MainScreen.swift */ = {isa = PBXFileReference; lastKnownFileType = sourcecode.swift; path = MainScreen.swift; sourceTree = "<group>"; };
		0463A3B029102F250077A44A /* WorkoutApp.swift */ = {isa = PBXFileReference; lastKnownFileType = sourcecode.swift; path = WorkoutApp.swift; sourceTree = "<group>"; };
		0463A3B22910301B0077A44A /* WorkoutList.swift */ = {isa = PBXFileReference; lastKnownFileType = sourcecode.swift; path = WorkoutList.swift; sourceTree = "<group>"; };
		047D9F3828FDCEF500A9FCDB /* LegWorkout.swift */ = {isa = PBXFileReference; lastKnownFileType = sourcecode.swift; path = LegWorkout.swift; sourceTree = "<group>"; };
		047D9F3A28FDD0C400A9FCDB /* CardioWorkout.swift */ = {isa = PBXFileReference; lastKnownFileType = sourcecode.swift; path = CardioWorkout.swift; sourceTree = "<group>"; };
		047D9F3C28FDD12300A9FCDB /* AbWorkout.swift */ = {isa = PBXFileReference; lastKnownFileType = sourcecode.swift; path = AbWorkout.swift; sourceTree = "<group>"; };
		047D9F3E28FE144000A9FCDB /* Main.storyboard */ = {isa = PBXFileReference; lastKnownFileType = file.storyboard; name = Main.storyboard; path = Workout/Main.storyboard; sourceTree = SOURCE_ROOT; };
		047D9F4028FE165400A9FCDB /* MainViewController.swift */ = {isa = PBXFileReference; lastKnownFileType = sourcecode.swift; path = MainViewController.swift; sourceTree = "<group>"; };
		047D9F4228FE16B300A9FCDB /* ArmViewController.swift */ = {isa = PBXFileReference; lastKnownFileType = sourcecode.swift; path = ArmViewController.swift; sourceTree = "<group>"; };
		0482B3FA2905F95C0004F2C9 /* LegViewController.swift */ = {isa = PBXFileReference; lastKnownFileType = sourcecode.swift; path = LegViewController.swift; sourceTree = "<group>"; };
		0482B3FC2905FA080004F2C9 /* CardioViewController.swift */ = {isa = PBXFileReference; lastKnownFileType = sourcecode.swift; path = CardioViewController.swift; sourceTree = "<group>"; };
		0482B3FE29070FCD0004F2C9 /* WorkoutDescription.swift */ = {isa = PBXFileReference; lastKnownFileType = sourcecode.swift; path = WorkoutDescription.swift; sourceTree = "<group>"; };
		0482B400290711DA0004F2C9 /* ArmWorkoutListView.swift */ = {isa = PBXFileReference; lastKnownFileType = sourcecode.swift; path = ArmWorkoutListView.swift; sourceTree = "<group>"; };
		04C97AF729082D0F0017970B /* LWorkoutDescription.swift */ = {isa = PBXFileReference; lastKnownFileType = sourcecode.swift; path = LWorkoutDescription.swift; sourceTree = "<group>"; };
		04C97AF929082D500017970B /* LWorkoutListView.swift */ = {isa = PBXFileReference; lastKnownFileType = sourcecode.swift; path = LWorkoutListView.swift; sourceTree = "<group>"; };
		04C97AFB290833EF0017970B /* CWorkoutDescription.swift */ = {isa = PBXFileReference; lastKnownFileType = sourcecode.swift; path = CWorkoutDescription.swift; sourceTree = "<group>"; };
		04C97AFD290833FF0017970B /* CWorkoutListView.swift */ = {isa = PBXFileReference; lastKnownFileType = sourcecode.swift; path = CWorkoutListView.swift; sourceTree = "<group>"; };
		04C97AFF290834200017970B /* AbWorkoutListView.swift */ = {isa = PBXFileReference; lastKnownFileType = sourcecode.swift; path = AbWorkoutListView.swift; sourceTree = "<group>"; };
		04C97B01290834440017970B /* AbWorkoutDescription.swift */ = {isa = PBXFileReference; lastKnownFileType = sourcecode.swift; path = AbWorkoutDescription.swift; sourceTree = "<group>"; };
/* End PBXFileReference section */

/* Begin PBXFrameworksBuildPhase section */
		041C85D828FD0B8D00CBFC70 /* Frameworks */ = {
			isa = PBXFrameworksBuildPhase;
			buildActionMask = 2147483647;
			files = (
			);
			runOnlyForDeploymentPostprocessing = 0;
		};
/* End PBXFrameworksBuildPhase section */

/* Begin PBXGroup section */
		041C85D228FD0B8D00CBFC70 = {
			isa = PBXGroup;
			children = (
				0463A3B22910301B0077A44A /* WorkoutList.swift */,
				0463A3B029102F250077A44A /* WorkoutApp.swift */,
				0463A3AE29101B970077A44A /* MainScreen.swift */,
				0482B3FE29070FCD0004F2C9 /* WorkoutDescription.swift */,
				0482B400290711DA0004F2C9 /* ArmWorkoutListView.swift */,
				04371FC72910457800DEC866 /* NewWorkout.swift */,
				041999762922AD820033E69A /* NewWorkoutView.swift */,
				04C97AF729082D0F0017970B /* LWorkoutDescription.swift */,
				04C97AFB290833EF0017970B /* CWorkoutDescription.swift */,
				04C97AFD290833FF0017970B /* CWorkoutListView.swift */,
				04C97AFF290834200017970B /* AbWorkoutListView.swift */,
				04C97B01290834440017970B /* AbWorkoutDescription.swift */,
				04C97AF929082D500017970B /* LWorkoutListView.swift */,
				041C85DD28FD0B8D00CBFC70 /* Workout */,
				041C85DC28FD0B8D00CBFC70 /* Products */,
			);
			sourceTree = "<group>";
		};
		041C85DC28FD0B8D00CBFC70 /* Products */ = {
			isa = PBXGroup;
			children = (
				041C85DB28FD0B8D00CBFC70 /* Workout.app */,
			);
			name = Products;
			sourceTree = "<group>";
		};
		041C85DD28FD0B8D00CBFC70 /* Workout */ = {
			isa = PBXGroup;
			children = (
				047D9F3E28FE144000A9FCDB /* Main.storyboard */,
				0482B3FC2905FA080004F2C9 /* CardioViewController.swift */,
				0482B3FA2905F95C0004F2C9 /* LegViewController.swift */,
				047D9F4228FE16B300A9FCDB /* ArmViewController.swift */,
				047D9F4028FE165400A9FCDB /* MainViewController.swift */,
				041C85E228FD0B9600CBFC70 /* Assets.xcassets */,
				041C85E428FD0B9600CBFC70 /* Preview Content */,
				041C85E028FD0B8D00CBFC70 /* ContentView.swift */,
				041C85EC28FD0BC400CBFC70 /* WorkoutView.swift */,
				047D9F3828FDCEF500A9FCDB /* LegWorkout.swift */,
				047D9F3A28FDD0C400A9FCDB /* CardioWorkout.swift */,
				047D9F3C28FDD12300A9FCDB /* AbWorkout.swift */,
			);
			path = Workout;
			sourceTree = "<group>";
		};
		041C85E428FD0B9600CBFC70 /* Preview Content */ = {
			isa = PBXGroup;
			children = (
				041C85E528FD0B9600CBFC70 /* Preview Assets.xcassets */,
			);
			path = "Preview Content";
			sourceTree = "<group>";
		};
/* End PBXGroup section */

/* Begin PBXNativeTarget section */
		041C85DA28FD0B8D00CBFC70 /* Workout */ = {
			isa = PBXNativeTarget;
			buildConfigurationList = 041C85E928FD0B9600CBFC70 /* Build configuration list for PBXNativeTarget "Workout" */;
			buildPhases = (
				041C85D728FD0B8D00CBFC70 /* Sources */,
				041C85D828FD0B8D00CBFC70 /* Frameworks */,
				041C85D928FD0B8D00CBFC70 /* Resources */,
			);
			buildRules = (
			);
			dependencies = (
			);
			name = Workout;
			productName = Workout;
			productReference = 041C85DB28FD0B8D00CBFC70 /* Workout.app */;
			productType = "com.apple.product-type.application";
		};
/* End PBXNativeTarget section */

/* Begin PBXProject section */
		041C85D328FD0B8D00CBFC70 /* Project object */ = {
			isa = PBXProject;
			attributes = {
				BuildIndependentTargetsInParallel = 1;
				LastSwiftUpdateCheck = 1400;
				LastUpgradeCheck = 1400;
				TargetAttributes = {
					041C85DA28FD0B8D00CBFC70 = {
						CreatedOnToolsVersion = 14.0;
					};
				};
			};
			buildConfigurationList = 041C85D628FD0B8D00CBFC70 /* Build configuration list for PBXProject "Workout" */;
			compatibilityVersion = "Xcode 14.0";
			developmentRegion = en;
			hasScannedForEncodings = 0;
			knownRegions = (
				en,
				Base,
			);
			mainGroup = 041C85D228FD0B8D00CBFC70;
			productRefGroup = 041C85DC28FD0B8D00CBFC70 /* Products */;
			projectDirPath = "";
			projectRoot = "";
			targets = (
				041C85DA28FD0B8D00CBFC70 /* Workout */,
			);
		};
/* End PBXProject section */

/* Begin PBXResourcesBuildPhase section */
		041C85D928FD0B8D00CBFC70 /* Resources */ = {
			isa = PBXResourcesBuildPhase;
			buildActionMask = 2147483647;
			files = (
				047D9F3F28FE144000A9FCDB /* Main.storyboard in Resources */,
				041C85E628FD0B9600CBFC70 /* Preview Assets.xcassets in Resources */,
				041C85E328FD0B9600CBFC70 /* Assets.xcassets in Resources */,
			);
			runOnlyForDeploymentPostprocessing = 0;
		};
/* End PBXResourcesBuildPhase section */

/* Begin PBXSourcesBuildPhase section */
		041C85D728FD0B8D00CBFC70 /* Sources */ = {
			isa = PBXSourcesBuildPhase;
			buildActionMask = 2147483647;
			files = (
				04C97AF829082D0F0017970B /* LWorkoutDescription.swift in Sources */,
				0482B3FD2905FA080004F2C9 /* CardioViewController.swift in Sources */,
				0482B3FB2905F95C0004F2C9 /* LegViewController.swift in Sources */,
				0482B401290711DA0004F2C9 /* ArmWorkoutListView.swift in Sources */,
				0463A3AF29101B970077A44A /* MainScreen.swift in Sources */,
				047D9F4128FE165400A9FCDB /* MainViewController.swift in Sources */,
				04371FC82910457800DEC866 /* NewWorkout.swift in Sources */,
				04C97B00290834200017970B /* AbWorkoutListView.swift in Sources */,
				04C97AFC290833EF0017970B /* CWorkoutDescription.swift in Sources */,
				04C97AFE290833FF0017970B /* CWorkoutListView.swift in Sources */,
				047D9F4328FE16B300A9FCDB /* ArmViewController.swift in Sources */,
				0463A3B129102F250077A44A /* WorkoutApp.swift in Sources */,
				047D9F3B28FDD0C400A9FCDB /* CardioWorkout.swift in Sources */,
				041C85E128FD0B8D00CBFC70 /* ContentView.swift in Sources */,
				04C97B02290834440017970B /* AbWorkoutDescription.swift in Sources */,
				041999772922AD820033E69A /* NewWorkoutView.swift in Sources */,
				041C85ED28FD0BC400CBFC70 /* WorkoutView.swift in Sources */,
				0463A3B32910301B0077A44A /* WorkoutList.swift in Sources */,
				0482B3FF29070FCD0004F2C9 /* WorkoutDescription.swift in Sources */,
				047D9F3928FDCEF500A9FCDB /* LegWorkout.swift in Sources */,
				047D9F3D28FDD12300A9FCDB /* AbWorkout.swift in Sources */,
				04C97AFA29082D500017970B /* LWorkoutListView.swift in Sources */,
			);
			runOnlyForDeploymentPostprocessing = 0;
		};
/* End PBXSourcesBuildPhase section */

/* Begin XCBuildConfiguration section */
		041C85E728FD0B9600CBFC70 /* Debug */ = {
			isa = XCBuildConfiguration;
			buildSettings = {
				ALWAYS_SEARCH_USER_PATHS = NO;
				CLANG_ANALYZER_NONNULL = YES;
				CLANG_ANALYZER_NUMBER_OBJECT_CONVERSION = YES_AGGRESSIVE;
				CLANG_CXX_LANGUAGE_STANDARD = "gnu++20";
				CLANG_ENABLE_MODULES = YES;
				CLANG_ENABLE_OBJC_ARC = YES;
				CLANG_ENABLE_OBJC_WEAK = YES;
				CLANG_WARN_BLOCK_CAPTURE_AUTORELEASING = YES;
				CLANG_WARN_BOOL_CONVERSION = YES;
				CLANG_WARN_COMMA = YES;
				CLANG_WARN_CONSTANT_CONVERSION = YES;
				CLANG_WARN_DEPRECATED_OBJC_IMPLEMENTATIONS = YES;
				CLANG_WARN_DIRECT_OBJC_ISA_USAGE = YES_ERROR;
				CLANG_WARN_DOCUMENTATION_COMMENTS = YES;
				CLANG_WARN_EMPTY_BODY = YES;
				CLANG_WARN_ENUM_CONVERSION = YES;
				CLANG_WARN_INFINITE_RECURSION = YES;
				CLANG_WARN_INT_CONVERSION = YES;
				CLANG_WARN_NON_LITERAL_NULL_CONVERSION = YES;
				CLANG_WARN_OBJC_IMPLICIT_RETAIN_SELF = YES;
				CLANG_WARN_OBJC_LITERAL_CONVERSION = YES;
				CLANG_WARN_OBJC_ROOT_CLASS = YES_ERROR;
				CLANG_WARN_QUOTED_INCLUDE_IN_FRAMEWORK_HEADER = YES;
				CLANG_WARN_RANGE_LOOP_ANALYSIS = YES;
				CLANG_WARN_STRICT_PROTOTYPES = YES;
				CLANG_WARN_SUSPICIOUS_MOVE = YES;
				CLANG_WARN_UNGUARDED_AVAILABILITY = YES_AGGRESSIVE;
				CLANG_WARN_UNREACHABLE_CODE = YES;
				CLANG_WARN__DUPLICATE_METHOD_MATCH = YES;
				COPY_PHASE_STRIP = NO;
				DEBUG_INFORMATION_FORMAT = dwarf;
				ENABLE_STRICT_OBJC_MSGSEND = YES;
				ENABLE_TESTABILITY = YES;
				GCC_C_LANGUAGE_STANDARD = gnu11;
				GCC_DYNAMIC_NO_PIC = NO;
				GCC_NO_COMMON_BLOCKS = YES;
				GCC_OPTIMIZATION_LEVEL = 0;
				GCC_PREPROCESSOR_DEFINITIONS = (
					"DEBUG=1",
					"$(inherited)",
				);
				GCC_WARN_64_TO_32_BIT_CONVERSION = YES;
				GCC_WARN_ABOUT_RETURN_TYPE = YES_ERROR;
				GCC_WARN_UNDECLARED_SELECTOR = YES;
				GCC_WARN_UNINITIALIZED_AUTOS = YES_AGGRESSIVE;
				GCC_WARN_UNUSED_FUNCTION = YES;
				GCC_WARN_UNUSED_VARIABLE = YES;
				IPHONEOS_DEPLOYMENT_TARGET = 16.0;
				MTL_ENABLE_DEBUG_INFO = INCLUDE_SOURCE;
				MTL_FAST_MATH = YES;
				ONLY_ACTIVE_ARCH = YES;
				SDKROOT = iphoneos;
				SWIFT_ACTIVE_COMPILATION_CONDITIONS = DEBUG;
				SWIFT_OPTIMIZATION_LEVEL = "-Onone";
			};
			name = Debug;
		};
		041C85E828FD0B9600CBFC70 /* Release */ = {
			isa = XCBuildConfiguration;
			buildSettings = {
				ALWAYS_SEARCH_USER_PATHS = NO;
				CLANG_ANALYZER_NONNULL = YES;
				CLANG_ANALYZER_NUMBER_OBJECT_CONVERSION = YES_AGGRESSIVE;
				CLANG_CXX_LANGUAGE_STANDARD = "gnu++20";
				CLANG_ENABLE_MODULES = YES;
				CLANG_ENABLE_OBJC_ARC = YES;
				CLANG_ENABLE_OBJC_WEAK = YES;
				CLANG_WARN_BLOCK_CAPTURE_AUTORELEASING = YES;
				CLANG_WARN_BOOL_CONVERSION = YES;
				CLANG_WARN_COMMA = YES;
				CLANG_WARN_CONSTANT_CONVERSION = YES;
				CLANG_WARN_DEPRECATED_OBJC_IMPLEMENTATIONS = YES;
				CLANG_WARN_DIRECT_OBJC_ISA_USAGE = YES_ERROR;
				CLANG_WARN_DOCUMENTATION_COMMENTS = YES;
				CLANG_WARN_EMPTY_BODY = YES;
				CLANG_WARN_ENUM_CONVERSION = YES;
				CLANG_WARN_INFINITE_RECURSION = YES;
				CLANG_WARN_INT_CONVERSION = YES;
				CLANG_WARN_NON_LITERAL_NULL_CONVERSION = YES;
				CLANG_WARN_OBJC_IMPLICIT_RETAIN_SELF = YES;
				CLANG_WARN_OBJC_LITERAL_CONVERSION = YES;
				CLANG_WARN_OBJC_ROOT_CLASS = YES_ERROR;
				CLANG_WARN_QUOTED_INCLUDE_IN_FRAMEWORK_HEADER = YES;
				CLANG_WARN_RANGE_LOOP_ANALYSIS = YES;
				CLANG_WARN_STRICT_PROTOTYPES = YES;
				CLANG_WARN_SUSPICIOUS_MOVE = YES;
				CLANG_WARN_UNGUARDED_AVAILABILITY = YES_AGGRESSIVE;
				CLANG_WARN_UNREACHABLE_CODE = YES;
				CLANG_WARN__DUPLICATE_METHOD_MATCH = YES;
				COPY_PHASE_STRIP = NO;
				DEBUG_INFORMATION_FORMAT = "dwarf-with-dsym";
				ENABLE_NS_ASSERTIONS = NO;
				ENABLE_STRICT_OBJC_MSGSEND = YES;
				GCC_C_LANGUAGE_STANDARD = gnu11;
				GCC_NO_COMMON_BLOCKS = YES;
				GCC_WARN_64_TO_32_BIT_CONVERSION = YES;
				GCC_WARN_ABOUT_RETURN_TYPE = YES_ERROR;
				GCC_WARN_UNDECLARED_SELECTOR = YES;
				GCC_WARN_UNINITIALIZED_AUTOS = YES_AGGRESSIVE;
				GCC_WARN_UNUSED_FUNCTION = YES;
				GCC_WARN_UNUSED_VARIABLE = YES;
				IPHONEOS_DEPLOYMENT_TARGET = 16.0;
				MTL_ENABLE_DEBUG_INFO = NO;
				MTL_FAST_MATH = YES;
				SDKROOT = iphoneos;
				SWIFT_COMPILATION_MODE = wholemodule;
				SWIFT_OPTIMIZATION_LEVEL = "-O";
				VALIDATE_PRODUCT = YES;
			};
			name = Release;
		};
		041C85EA28FD0B9600CBFC70 /* Debug */ = {
			isa = XCBuildConfiguration;
			buildSettings = {
				ASSETCATALOG_COMPILER_APPICON_NAME = AppIcon;
				ASSETCATALOG_COMPILER_GLOBAL_ACCENT_COLOR_NAME = AccentColor;
				CODE_SIGN_STYLE = Automatic;
				CURRENT_PROJECT_VERSION = 1;
				DEVELOPMENT_ASSET_PATHS = "\"Workout/Preview Content\"";
				DEVELOPMENT_TEAM = 52WL7NYVHB;
				ENABLE_PREVIEWS = YES;
				GENERATE_INFOPLIST_FILE = YES;
				INFOPLIST_KEY_UIApplicationSceneManifest_Generation = YES;
				INFOPLIST_KEY_UIApplicationSupportsIndirectInputEvents = YES;
				INFOPLIST_KEY_UILaunchScreen_Generation = YES;
				INFOPLIST_KEY_UISupportedInterfaceOrientations_iPad = "UIInterfaceOrientationPortrait UIInterfaceOrientationPortraitUpsideDown UIInterfaceOrientationLandscapeLeft UIInterfaceOrientationLandscapeRight";
				INFOPLIST_KEY_UISupportedInterfaceOrientations_iPhone = "UIInterfaceOrientationPortrait UIInterfaceOrientationLandscapeLeft UIInterfaceOrientationLandscapeRight";
				LD_RUNPATH_SEARCH_PATHS = (
					"$(inherited)",
					"@executable_path/Frameworks",
				);
				MARKETING_VERSION = 1.0;
				PRODUCT_BUNDLE_IDENTIFIER = com.AmberKusma.Workout;
				PRODUCT_NAME = "$(TARGET_NAME)";
				SWIFT_EMIT_LOC_STRINGS = YES;
				SWIFT_VERSION = 5.0;
				TARGETED_DEVICE_FAMILY = "1,2";
			};
			name = Debug;
		};
		041C85EB28FD0B9600CBFC70 /* Release */ = {
			isa = XCBuildConfiguration;
			buildSettings = {
				ASSETCATALOG_COMPILER_APPICON_NAME = AppIcon;
				ASSETCATALOG_COMPILER_GLOBAL_ACCENT_COLOR_NAME = AccentColor;
				CODE_SIGN_STYLE = Automatic;
				CURRENT_PROJECT_VERSION = 1;
				DEVELOPMENT_ASSET_PATHS = "\"Workout/Preview Content\"";
				DEVELOPMENT_TEAM = 52WL7NYVHB;
				ENABLE_PREVIEWS = YES;
				GENERATE_INFOPLIST_FILE = YES;
				INFOPLIST_KEY_UIApplicationSceneManifest_Generation = YES;
				INFOPLIST_KEY_UIApplicationSupportsIndirectInputEvents = YES;
				INFOPLIST_KEY_UILaunchScreen_Generation = YES;
				INFOPLIST_KEY_UISupportedInterfaceOrientations_iPad = "UIInterfaceOrientationPortrait UIInterfaceOrientationPortraitUpsideDown UIInterfaceOrientationLandscapeLeft UIInterfaceOrientationLandscapeRight";
				INFOPLIST_KEY_UISupportedInterfaceOrientations_iPhone = "UIInterfaceOrientationPortrait UIInterfaceOrientationLandscapeLeft UIInterfaceOrientationLandscapeRight";
				LD_RUNPATH_SEARCH_PATHS = (
					"$(inherited)",
					"@executable_path/Frameworks",
				);
				MARKETING_VERSION = 1.0;
				PRODUCT_BUNDLE_IDENTIFIER = com.AmberKusma.Workout;
				PRODUCT_NAME = "$(TARGET_NAME)";
				SWIFT_EMIT_LOC_STRINGS = YES;
				SWIFT_VERSION = 5.0;
				TARGETED_DEVICE_FAMILY = "1,2";
			};
			name = Release;
		};
/* End XCBuildConfiguration section */

/* Begin XCConfigurationList section */
		041C85D628FD0B8D00CBFC70 /* Build configuration list for PBXProject "Workout" */ = {
			isa = XCConfigurationList;
			buildConfigurations = (
				041C85E728FD0B9600CBFC70 /* Debug */,
				041C85E828FD0B9600CBFC70 /* Release */,
			);
			defaultConfigurationIsVisible = 0;
			defaultConfigurationName = Release;
		};
		041C85E928FD0B9600CBFC70 /* Build configuration list for PBXNativeTarget "Workout" */ = {
			isa = XCConfigurationList;
			buildConfigurations = (
				041C85EA28FD0B9600CBFC70 /* Debug */,
				041C85EB28FD0B9600CBFC70 /* Release */,
			);
			defaultConfigurationIsVisible = 0;
			defaultConfigurationName = Release;
		};
/* End XCConfigurationList section */
	};
	rootObject = 041C85D328FD0B8D00CBFC70 /* Project object */;
}
